
Microsoft Visual Studio Solution File, Format Version 12.00
# Visual Studio Version 17
VisualStudioVersion = 17.8.34330.188
MinimumVisualStudioVersion = 10.0.40219.1
Project("{FAE04EC0-301F-11D3-BF4B-00C04F79EFBC}") = "CodeRollProject.PresentationLayer", "CodeRollProject.PresentationLayer\CodeRollProject.PresentationLayer.csproj", "{4A0DFFA0-32AD-4915-AA90-02FA6F7F7BB2}"
EndProject
Project("{FAE04EC0-301F-11D3-BF4B-00C04F79EFBC}") = "CodeRollProject.EntityLayer", "CodeRollProject.EntityLayer\CodeRollProject.EntityLayer.csproj", "{8620E26F-77B2-4D2D-990D-6AF2FD039E89}"
EndProject
Project("{FAE04EC0-301F-11D3-BF4B-00C04F79EFBC}") = "CodeRollProject.DataAccessLayer", "CodeRollProject.DataAccessLayer\CodeRollProject.DataAccessLayer.csproj", "{138E9BC8-736A-4206-A8FF-C255F7E9E9F4}"
EndProject
Project("{FAE04EC0-301F-11D3-BF4B-00C04F79EFBC}") = "CodeRollProject.BusinessLayer", "CodeRollProject.BusinessLayer\CodeRollProject.BusinessLayer.csproj", "{3340015A-B29A-4F0A-808B-84D142179EAA}"
EndProject
Project("{FAE04EC0-301F-11D3-BF4B-00C04F79EFBC}") = "CodeRollProject.DtoLayer", "CodeRollProject.DtoLayer\CodeRollProject.DtoLayer.csproj", "{809B05C6-3921-45BA-89BE-E5FDE54EDD9E}"
EndProject
Global
	GlobalSection(SolutionConfigurationPlatforms) = preSolution
		Debug|Any CPU = Debug|Any CPU
		Release|Any CPU = Release|Any CPU
	EndGlobalSection
	GlobalSection(ProjectConfigurationPlatforms) = postSolution
		{4A0DFFA0-32AD-4915-AA90-02FA6F7F7BB2}.Debug|Any CPU.ActiveCfg = Debug|Any CPU
		{4A0DFFA0-32AD-4915-AA90-02FA6F7F7BB2}.Debug|Any CPU.Build.0 = Debug|Any CPU
		{4A0DFFA0-32AD-4915-AA90-02FA6F7F7BB2}.Release|Any CPU.ActiveCfg = Release|Any CPU
		{4A0DFFA0-32AD-4915-AA90-02FA6F7F7BB2}.Release|Any CPU.Build.0 = Release|Any CPU
		{8620E26F-77B2-4D2D-990D-6AF2FD039E89}.Debug|Any CPU.ActiveCfg = Debug|Any CPU
		{8620E26F-77B2-4D2D-990D-6AF2FD039E89}.Debug|Any CPU.Build.0 = Debug|Any CPU
		{8620E26F-77B2-4D2D-990D-6AF2FD039E89}.Release|Any CPU.ActiveCfg = Release|Any CPU
		{8620E26F-77B2-4D2D-990D-6AF2FD039E89}.Release|Any CPU.Build.0 = Release|Any CPU
		{138E9BC8-736A-4206-A8FF-C255F7E9E9F4}.Debug|Any CPU.ActiveCfg = Debug|Any CPU
		{138E9BC8-736A-4206-A8FF-C255F7E9E9F4}.Debug|Any CPU.Build.0 = Debug|Any CPU
		{138E9BC8-736A-4206-A8FF-C255F7E9E9F4}.Release|Any CPU.ActiveCfg = Release|Any CPU
		{138E9BC8-736A-4206-A8FF-C255F7E9E9F4}.Release|Any CPU.Build.0 = Release|Any CPU
		{3340015A-B29A-4F0A-808B-84D142179EAA}.Debug|Any CPU.ActiveCfg = Debug|Any CPU
		{3340015A-B29A-4F0A-808B-84D142179EAA}.Debug|Any CPU.Build.0 = Debug|Any CPU
		{3340015A-B29A-4F0A-808B-84D142179EAA}.Release|Any CPU.ActiveCfg = Release|Any CPU
		{3340015A-B29A-4F0A-808B-84D142179EAA}.Release|Any CPU.Build.0 = Release|Any CPU
		{809B05C6-3921-45BA-89BE-E5FDE54EDD9E}.Debug|Any CPU.ActiveCfg = Debug|Any CPU
		{809B05C6-3921-45BA-89BE-E5FDE54EDD9E}.Debug|Any CPU.Build.0 = Debug|Any CPU
		{809B05C6-3921-45BA-89BE-E5FDE54EDD9E}.Release|Any CPU.ActiveCfg = Release|Any CPU
		{809B05C6-3921-45BA-89BE-E5FDE54EDD9E}.Release|Any CPU.Build.0 = Release|Any CPU
	EndGlobalSection
	GlobalSection(SolutionProperties) = preSolution
		HideSolutionNode = FALSE
	EndGlobalSection
	GlobalSection(ExtensibilityGlobals) = postSolution
		SolutionGuid = {7E4BE8DA-5088-4604-9DA2-56772D2D6384}
	EndGlobalSection
EndGlobal
